
Microsoft Visual Studio Solution File, Format Version 12.00
Project("{FAE04EC0-301F-11D3-BF4B-00C04F79EFBC}") = "Zebra", "src\Zebra\Zebra.csproj", "{3054A53A-C8ED-4A43-B8CF-64B11F00F24D}"
EndProject
Project("{2150E333-8FDC-42A3-9474-1A3956D46DE8}") = "src", "src", "{6F87DE5E-90D1-46D9-85D6-EE1DBF12FCC4}"
EndProject
Project("{2150E333-8FDC-42A3-9474-1A3956D46DE8}") = "test", "test", "{55C84BF1-AA94-4AD4-A7F7-F951CB591C46}"
EndProject
Project("{2150E333-8FDC-42A3-9474-1A3956D46DE8}") = "external", "external", "{26488471-F63D-4584-A9FC-3B855C91437D}"
EndProject
Project("{FAE04EC0-301F-11D3-BF4B-00C04F79EFBC}") = "RaceSharp.Utils", "external\RaceSharp\src\Utils\RaceSharp.Utils\RaceSharp.Utils.csproj", "{39232B89-3DAA-46E8-BEB6-19C8D0183021}"
EndProject
Project("{2150E333-8FDC-42A3-9474-1A3956D46DE8}") = "demo", "demo", "{BE252F6B-9046-46C9-BA73-6C9160867AF6}"
EndProject
Project("{FAE04EC0-301F-11D3-BF4B-00C04F79EFBC}") = "Testing", "demo\Testing\Testing.csproj", "{80EACBCE-ABF3-4042-A398-D229F9B58E0A}"
EndProject
Global
	GlobalSection(SolutionConfigurationPlatforms) = preSolution
		Debug|Any CPU = Debug|Any CPU
		Release|Any CPU = Release|Any CPU
	EndGlobalSection
	GlobalSection(ProjectConfigurationPlatforms) = postSolution
		{3054A53A-C8ED-4A43-B8CF-64B11F00F24D}.Debug|Any CPU.ActiveCfg = Debug|Any CPU
		{3054A53A-C8ED-4A43-B8CF-64B11F00F24D}.Debug|Any CPU.Build.0 = Debug|Any CPU
		{3054A53A-C8ED-4A43-B8CF-64B11F00F24D}.Release|Any CPU.ActiveCfg = Release|Any CPU
		{3054A53A-C8ED-4A43-B8CF-64B11F00F24D}.Release|Any CPU.Build.0 = Release|Any CPU
		{39232B89-3DAA-46E8-BEB6-19C8D0183021}.Debug|Any CPU.ActiveCfg = Debug|Any CPU
		{39232B89-3DAA-46E8-BEB6-19C8D0183021}.Debug|Any CPU.Build.0 = Debug|Any CPU
		{39232B89-3DAA-46E8-BEB6-19C8D0183021}.Release|Any CPU.ActiveCfg = Release|Any CPU
		{39232B89-3DAA-46E8-BEB6-19C8D0183021}.Release|Any CPU.Build.0 = Release|Any CPU
		{80EACBCE-ABF3-4042-A398-D229F9B58E0A}.Debug|Any CPU.ActiveCfg = Debug|Any CPU
		{80EACBCE-ABF3-4042-A398-D229F9B58E0A}.Debug|Any CPU.Build.0 = Debug|Any CPU
		{80EACBCE-ABF3-4042-A398-D229F9B58E0A}.Release|Any CPU.ActiveCfg = Release|Any CPU
		{80EACBCE-ABF3-4042-A398-D229F9B58E0A}.Release|Any CPU.Build.0 = Release|Any CPU
	EndGlobalSection
	GlobalSection(NestedProjects) = preSolution
		{3054A53A-C8ED-4A43-B8CF-64B11F00F24D} = {6F87DE5E-90D1-46D9-85D6-EE1DBF12FCC4}
		{39232B89-3DAA-46E8-BEB6-19C8D0183021} = {26488471-F63D-4584-A9FC-3B855C91437D}
		{80EACBCE-ABF3-4042-A398-D229F9B58E0A} = {BE252F6B-9046-46C9-BA73-6C9160867AF6}
	EndGlobalSection
EndGlobal
